
Microsoft Visual Studio Solution File, Format Version 12.00
# Visual Studio Version 17
VisualStudioVersion = 17.0.32126.317
MinimumVisualStudioVersion = 10.0.40219.1
Project("{FAE04EC0-301F-11D3-BF4B-00C04F79EFBC}") = "ConsoleAppAritmetica", "ConsoleAppAritmetica\ConsoleAppAritmetica.csproj", "{F48B1127-7587-4C3A-8C33-F8FDC1088E50}"
EndProject
Global
	GlobalSection(SolutionConfigurationPlatforms) = preSolution
		Debug|Any CPU = Debug|Any CPU
		Release|Any CPU = Release|Any CPU
	EndGlobalSection
	GlobalSection(ProjectConfigurationPlatforms) = postSolution
		{F48B1127-7587-4C3A-8C33-F8FDC1088E50}.Debug|Any CPU.ActiveCfg = Debug|Any CPU
		{F48B1127-7587-4C3A-8C33-F8FDC1088E50}.Debug|Any CPU.Build.0 = Debug|Any CPU
		{F48B1127-7587-4C3A-8C33-F8FDC1088E50}.Release|Any CPU.ActiveCfg = Release|Any CPU
		{F48B1127-7587-4C3A-8C33-F8FDC1088E50}.Release|Any CPU.Build.0 = Release|Any CPU
	EndGlobalSection
	GlobalSection(SolutionProperties) = preSolution
		HideSolutionNode = FALSE
	EndGlobalSection
	GlobalSection(ExtensibilityGlobals) = postSolution
		SolutionGuid = {62FAFC60-6360-4966-92DC-8C5CA88C4515}
	EndGlobalSection
EndGlobal
