
Microsoft Visual Studio Solution File, Format Version 12.00
# Visual Studio Version 17
VisualStudioVersion = 17.0.32014.148
MinimumVisualStudioVersion = 10.0.40219.1
Project("{FAE04EC0-301F-11D3-BF4B-00C04F79EFBC}") = "WPFapp", "WPFapp\WPFapp.csproj", "{1CF4FF33-C7C6-4E17-A6D1-901EB2B3A04B}"
EndProject
Global
	GlobalSection(SolutionConfigurationPlatforms) = preSolution
		Debug|Any CPU = Debug|Any CPU
		Release|Any CPU = Release|Any CPU
	EndGlobalSection
	GlobalSection(ProjectConfigurationPlatforms) = postSolution
		{1CF4FF33-C7C6-4E17-A6D1-901EB2B3A04B}.Debug|Any CPU.ActiveCfg = Debug|Any CPU
		{1CF4FF33-C7C6-4E17-A6D1-901EB2B3A04B}.Debug|Any CPU.Build.0 = Debug|Any CPU
		{1CF4FF33-C7C6-4E17-A6D1-901EB2B3A04B}.Release|Any CPU.ActiveCfg = Release|Any CPU
		{1CF4FF33-C7C6-4E17-A6D1-901EB2B3A04B}.Release|Any CPU.Build.0 = Release|Any CPU
	EndGlobalSection
	GlobalSection(SolutionProperties) = preSolution
		HideSolutionNode = FALSE
	EndGlobalSection
	GlobalSection(ExtensibilityGlobals) = postSolution
		SolutionGuid = {7E30FD66-76FF-40B6-AB44-3C3561DC67BB}
	EndGlobalSection
EndGlobal
