
Microsoft Visual Studio Solution File, Format Version 12.00
# Visual Studio Version 17
VisualStudioVersion = 17.0.32126.317
MinimumVisualStudioVersion = 10.0.40219.1
Project("{FAE04EC0-301F-11D3-BF4B-00C04F79EFBC}") = "ConsoleAppMetodos", "ConsoleAppMetodos\ConsoleAppMetodos.csproj", "{7E7B7B3C-8B30-43BE-A564-A4269C18944D}"
EndProject
Global
	GlobalSection(SolutionConfigurationPlatforms) = preSolution
		Debug|Any CPU = Debug|Any CPU
		Release|Any CPU = Release|Any CPU
	EndGlobalSection
	GlobalSection(ProjectConfigurationPlatforms) = postSolution
		{7E7B7B3C-8B30-43BE-A564-A4269C18944D}.Debug|Any CPU.ActiveCfg = Debug|Any CPU
		{7E7B7B3C-8B30-43BE-A564-A4269C18944D}.Debug|Any CPU.Build.0 = Debug|Any CPU
		{7E7B7B3C-8B30-43BE-A564-A4269C18944D}.Release|Any CPU.ActiveCfg = Release|Any CPU
		{7E7B7B3C-8B30-43BE-A564-A4269C18944D}.Release|Any CPU.Build.0 = Release|Any CPU
	EndGlobalSection
	GlobalSection(SolutionProperties) = preSolution
		HideSolutionNode = FALSE
	EndGlobalSection
	GlobalSection(ExtensibilityGlobals) = postSolution
		SolutionGuid = {1559051C-CDD3-4B4C-BDAA-1201B693CC7E}
	EndGlobalSection
EndGlobal
